
Microsoft Visual Studio Solution File, Format Version 12.00
# Visual Studio Version 17
VisualStudioVersion = 17.9.34622.214
MinimumVisualStudioVersion = 10.0.40219.1
Project("{9A19103F-16F7-4668-BE54-9A1E7A4F7556}") = "IBM - WFA", "IBM - WFA\IBM - WFA.csproj", "{B298882E-E125-4C42-A883-105A197BFDB6}"
EndProject
Global
	GlobalSection(SolutionConfigurationPlatforms) = preSolution
		Debug|Any CPU = Debug|Any CPU
		Release|Any CPU = Release|Any CPU
	EndGlobalSection
	GlobalSection(ProjectConfigurationPlatforms) = postSolution
		{B298882E-E125-4C42-A883-105A197BFDB6}.Debug|Any CPU.ActiveCfg = Debug|Any CPU
		{B298882E-E125-4C42-A883-105A197BFDB6}.Debug|Any CPU.Build.0 = Debug|Any CPU
		{B298882E-E125-4C42-A883-105A197BFDB6}.Release|Any CPU.ActiveCfg = Release|Any CPU
		{B298882E-E125-4C42-A883-105A197BFDB6}.Release|Any CPU.Build.0 = Release|Any CPU
	EndGlobalSection
	GlobalSection(SolutionProperties) = preSolution
		HideSolutionNode = FALSE
	EndGlobalSection
	GlobalSection(ExtensibilityGlobals) = postSolution
		SolutionGuid = {231548F8-6976-4A60-BC9F-2579A1E8004C}
	EndGlobalSection
EndGlobal
